
Microsoft Visual Studio Solution File, Format Version 12.00
# Visual Studio Version 17
VisualStudioVersion = 17.6.33815.320
MinimumVisualStudioVersion = 10.0.40219.1
Project("{FAE04EC0-301F-11D3-BF4B-00C04F79EFBC}") = "7 - Esercitazione automobile", "7 - Esercitazione automobile\7 - Esercitazione automobile.csproj", "{2331A190-585D-44CD-9190-461A2338A74E}"
EndProject
Global
	GlobalSection(SolutionConfigurationPlatforms) = preSolution
		Debug|Any CPU = Debug|Any CPU
		Release|Any CPU = Release|Any CPU
	EndGlobalSection
	GlobalSection(ProjectConfigurationPlatforms) = postSolution
		{2331A190-585D-44CD-9190-461A2338A74E}.Debug|Any CPU.ActiveCfg = Debug|Any CPU
		{2331A190-585D-44CD-9190-461A2338A74E}.Debug|Any CPU.Build.0 = Debug|Any CPU
		{2331A190-585D-44CD-9190-461A2338A74E}.Release|Any CPU.ActiveCfg = Release|Any CPU
		{2331A190-585D-44CD-9190-461A2338A74E}.Release|Any CPU.Build.0 = Release|Any CPU
	EndGlobalSection
	GlobalSection(SolutionProperties) = preSolution
		HideSolutionNode = FALSE
	EndGlobalSection
	GlobalSection(ExtensibilityGlobals) = postSolution
		SolutionGuid = {0A1E5F51-2CCA-41A9-B21F-A0C87CBB98A2}
	EndGlobalSection
EndGlobal
